
Microsoft Visual Studio Solution File, Format Version 12.00
# Visual Studio Version 17
VisualStudioVersion = 17.9.34728.123
MinimumVisualStudioVersion = 10.0.40219.1
Project("{9A19103F-16F7-4668-BE54-9A1E7A4F7556}") = "MemoryFootprint", "MemoryFootprint\MemoryFootprint.csproj", "{74F76DA8-7FCB-4FFF-97B8-EB05B5900A5D}"
EndProject
Project("{9A19103F-16F7-4668-BE54-9A1E7A4F7556}") = "MemoryFootprint.Tests", "MemoryFootprint.Tests\MemoryFootprint.Tests.csproj", "{B5E831BB-FD9A-4096-A9E4-D6FA20B101CC}"
EndProject
Global
	GlobalSection(SolutionConfigurationPlatforms) = preSolution
		Debug|Any CPU = Debug|Any CPU
		Release|Any CPU = Release|Any CPU
	EndGlobalSection
	GlobalSection(ProjectConfigurationPlatforms) = postSolution
		{74F76DA8-7FCB-4FFF-97B8-EB05B5900A5D}.Debug|Any CPU.ActiveCfg = Debug|Any CPU
		{74F76DA8-7FCB-4FFF-97B8-EB05B5900A5D}.Debug|Any CPU.Build.0 = Debug|Any CPU
		{74F76DA8-7FCB-4FFF-97B8-EB05B5900A5D}.Release|Any CPU.ActiveCfg = Release|Any CPU
		{74F76DA8-7FCB-4FFF-97B8-EB05B5900A5D}.Release|Any CPU.Build.0 = Release|Any CPU
		{B5E831BB-FD9A-4096-A9E4-D6FA20B101CC}.Debug|Any CPU.ActiveCfg = Debug|Any CPU
		{B5E831BB-FD9A-4096-A9E4-D6FA20B101CC}.Debug|Any CPU.Build.0 = Debug|Any CPU
		{B5E831BB-FD9A-4096-A9E4-D6FA20B101CC}.Release|Any CPU.ActiveCfg = Release|Any CPU
		{B5E831BB-FD9A-4096-A9E4-D6FA20B101CC}.Release|Any CPU.Build.0 = Release|Any CPU
	EndGlobalSection
	GlobalSection(SolutionProperties) = preSolution
		HideSolutionNode = FALSE
	EndGlobalSection
	GlobalSection(ExtensibilityGlobals) = postSolution
		SolutionGuid = {11593648-0AC3-4D67-879D-E9FF506CD9A1}
	EndGlobalSection
EndGlobal
